
Microsoft Visual Studio Solution File, Format Version 12.00
# Visual Studio Version 17
VisualStudioVersion = 17.5.002.0
MinimumVisualStudioVersion = 10.0.40219.1
Project("{2150E333-8FDC-42A3-9474-1A3956D46DE8}") = "CarDropDownMenu", "CarDropDownMenu", "{F0E99A5D-92DD-4971-A5C6-ED67A66AEC9F}"
EndProject
Project("{9A19103F-16F7-4668-BE54-9A1E7A4F7556}") = "CarDropDownMenu", "CarDropDownMenu\CarDropDownMenu\CarDropDownMenu.csproj", "{B0059AB3-1A49-4933-8EFD-547BA4995585}"
EndProject
Global
	GlobalSection(SolutionConfigurationPlatforms) = preSolution
		Debug|Any CPU = Debug|Any CPU
		Release|Any CPU = Release|Any CPU
	EndGlobalSection
	GlobalSection(ProjectConfigurationPlatforms) = postSolution
		{B0059AB3-1A49-4933-8EFD-547BA4995585}.Debug|Any CPU.ActiveCfg = Debug|Any CPU
		{B0059AB3-1A49-4933-8EFD-547BA4995585}.Debug|Any CPU.Build.0 = Debug|Any CPU
		{B0059AB3-1A49-4933-8EFD-547BA4995585}.Release|Any CPU.ActiveCfg = Release|Any CPU
		{B0059AB3-1A49-4933-8EFD-547BA4995585}.Release|Any CPU.Build.0 = Release|Any CPU
	EndGlobalSection
	GlobalSection(SolutionProperties) = preSolution
		HideSolutionNode = FALSE
	EndGlobalSection
	GlobalSection(NestedProjects) = preSolution
		{B0059AB3-1A49-4933-8EFD-547BA4995585} = {F0E99A5D-92DD-4971-A5C6-ED67A66AEC9F}
	EndGlobalSection
	GlobalSection(ExtensibilityGlobals) = postSolution
		SolutionGuid = {6CCBF6A8-49A0-4705-A006-E7A252E705AB}
	EndGlobalSection
EndGlobal
